
Microsoft Visual Studio Solution File, Format Version 12.00
# Visual Studio Version 17
VisualStudioVersion = 17.3.32901.215
MinimumVisualStudioVersion = 10.0.40219.1
Project("{9A19103F-16F7-4668-BE54-9A1E7A4F7556}") = "Reactive.Annex", "src\Reactive.Annex\Reactive.Annex.csproj", "{1531CF77-44A9-4AB3-8BF7-848B23EBFA44}"
EndProject
Project("{9A19103F-16F7-4668-BE54-9A1E7A4F7556}") = "Reactive.Annex.Tests", "src\Reactive.Annex.Tests\Reactive.Annex.Tests.csproj", "{BA88A7E9-295E-444C-BB8A-96A3847F2A57}"
EndProject
Project("{9A19103F-16F7-4668-BE54-9A1E7A4F7556}") = "Reactive.Annex.Uno.WinUI", "src\Reactive.Annex.Uno.WinUI\Reactive.Annex.Uno.WinUI.csproj", "{AD0A3564-FED2-4B2A-ADC8-293F4DB85135}"
EndProject
Project("{D954291E-2A0B-460D-934E-DC6B0785DB48}") = "Reactive.Annex.Shared", "src\Reactive.Annex.Shared\Reactive.Annex.Shared.shproj", "{919A81B5-BAB8-441B-88AF-8DC1D494B930}"
EndProject
Global
	GlobalSection(SolutionConfigurationPlatforms) = preSolution
		Debug|Android = Debug|Android
		Debug|Any CPU = Debug|Any CPU
		Debug|iOS = Debug|iOS
		Debug|NuGet = Debug|NuGet
		Debug|UAP = Debug|UAP
		Release|Android = Release|Android
		Release|Any CPU = Release|Any CPU
		Release|iOS = Release|iOS
		Release|NuGet = Release|NuGet
		Release|UAP = Release|UAP
	EndGlobalSection
	GlobalSection(ProjectConfigurationPlatforms) = postSolution
		{1531CF77-44A9-4AB3-8BF7-848B23EBFA44}.Debug|Android.ActiveCfg = Debug|Any CPU
		{1531CF77-44A9-4AB3-8BF7-848B23EBFA44}.Debug|Android.Build.0 = Debug|Any CPU
		{1531CF77-44A9-4AB3-8BF7-848B23EBFA44}.Debug|Any CPU.ActiveCfg = Debug|Any CPU
		{1531CF77-44A9-4AB3-8BF7-848B23EBFA44}.Debug|Any CPU.Build.0 = Debug|Any CPU
		{1531CF77-44A9-4AB3-8BF7-848B23EBFA44}.Debug|iOS.ActiveCfg = Debug|Any CPU
		{1531CF77-44A9-4AB3-8BF7-848B23EBFA44}.Debug|iOS.Build.0 = Debug|Any CPU
		{1531CF77-44A9-4AB3-8BF7-848B23EBFA44}.Debug|NuGet.ActiveCfg = Debug|Any CPU
		{1531CF77-44A9-4AB3-8BF7-848B23EBFA44}.Debug|NuGet.Build.0 = Debug|Any CPU
		{1531CF77-44A9-4AB3-8BF7-848B23EBFA44}.Debug|UAP.ActiveCfg = Debug|Any CPU
		{1531CF77-44A9-4AB3-8BF7-848B23EBFA44}.Debug|UAP.Build.0 = Debug|Any CPU
		{1531CF77-44A9-4AB3-8BF7-848B23EBFA44}.Release|Android.ActiveCfg = Release|Any CPU
		{1531CF77-44A9-4AB3-8BF7-848B23EBFA44}.Release|Android.Build.0 = Release|Any CPU
		{1531CF77-44A9-4AB3-8BF7-848B23EBFA44}.Release|Any CPU.ActiveCfg = Release|Any CPU
		{1531CF77-44A9-4AB3-8BF7-848B23EBFA44}.Release|Any CPU.Build.0 = Release|Any CPU
		{1531CF77-44A9-4AB3-8BF7-848B23EBFA44}.Release|iOS.ActiveCfg = Release|Any CPU
		{1531CF77-44A9-4AB3-8BF7-848B23EBFA44}.Release|iOS.Build.0 = Release|Any CPU
		{1531CF77-44A9-4AB3-8BF7-848B23EBFA44}.Release|NuGet.ActiveCfg = Release|Any CPU
		{1531CF77-44A9-4AB3-8BF7-848B23EBFA44}.Release|NuGet.Build.0 = Release|Any CPU
		{1531CF77-44A9-4AB3-8BF7-848B23EBFA44}.Release|UAP.ActiveCfg = Release|Any CPU
		{1531CF77-44A9-4AB3-8BF7-848B23EBFA44}.Release|UAP.Build.0 = Release|Any CPU
		{BA88A7E9-295E-444C-BB8A-96A3847F2A57}.Debug|Android.ActiveCfg = Debug|Any CPU
		{BA88A7E9-295E-444C-BB8A-96A3847F2A57}.Debug|Any CPU.ActiveCfg = Debug|Any CPU
		{BA88A7E9-295E-444C-BB8A-96A3847F2A57}.Debug|Any CPU.Build.0 = Debug|Any CPU
		{BA88A7E9-295E-444C-BB8A-96A3847F2A57}.Debug|iOS.ActiveCfg = Debug|Any CPU
		{BA88A7E9-295E-444C-BB8A-96A3847F2A57}.Debug|NuGet.ActiveCfg = Debug|Any CPU
		{BA88A7E9-295E-444C-BB8A-96A3847F2A57}.Debug|NuGet.Build.0 = Debug|Any CPU
		{BA88A7E9-295E-444C-BB8A-96A3847F2A57}.Debug|UAP.ActiveCfg = Debug|Any CPU
		{BA88A7E9-295E-444C-BB8A-96A3847F2A57}.Release|Android.ActiveCfg = Release|Any CPU
		{BA88A7E9-295E-444C-BB8A-96A3847F2A57}.Release|Any CPU.ActiveCfg = Release|Any CPU
		{BA88A7E9-295E-444C-BB8A-96A3847F2A57}.Release|Any CPU.Build.0 = Release|Any CPU
		{BA88A7E9-295E-444C-BB8A-96A3847F2A57}.Release|iOS.ActiveCfg = Release|Any CPU
		{BA88A7E9-295E-444C-BB8A-96A3847F2A57}.Release|NuGet.ActiveCfg = Release|Any CPU
		{BA88A7E9-295E-444C-BB8A-96A3847F2A57}.Release|NuGet.Build.0 = Release|Any CPU
		{BA88A7E9-295E-444C-BB8A-96A3847F2A57}.Release|UAP.ActiveCfg = Release|Any CPU
		{AD0A3564-FED2-4B2A-ADC8-293F4DB85135}.Debug|Android.ActiveCfg = Debug|Any CPU
		{AD0A3564-FED2-4B2A-ADC8-293F4DB85135}.Debug|Android.Build.0 = Debug|Any CPU
		{AD0A3564-FED2-4B2A-ADC8-293F4DB85135}.Debug|Any CPU.ActiveCfg = Debug|Any CPU
		{AD0A3564-FED2-4B2A-ADC8-293F4DB85135}.Debug|Any CPU.Build.0 = Debug|Any CPU
		{AD0A3564-FED2-4B2A-ADC8-293F4DB85135}.Debug|iOS.ActiveCfg = Debug|Any CPU
		{AD0A3564-FED2-4B2A-ADC8-293F4DB85135}.Debug|iOS.Build.0 = Debug|Any CPU
		{AD0A3564-FED2-4B2A-ADC8-293F4DB85135}.Debug|NuGet.ActiveCfg = Debug|Any CPU
		{AD0A3564-FED2-4B2A-ADC8-293F4DB85135}.Debug|NuGet.Build.0 = Debug|Any CPU
		{AD0A3564-FED2-4B2A-ADC8-293F4DB85135}.Debug|UAP.ActiveCfg = Debug|Any CPU
		{AD0A3564-FED2-4B2A-ADC8-293F4DB85135}.Debug|UAP.Build.0 = Debug|Any CPU
		{AD0A3564-FED2-4B2A-ADC8-293F4DB85135}.Release|Android.ActiveCfg = Release|Any CPU
		{AD0A3564-FED2-4B2A-ADC8-293F4DB85135}.Release|Android.Build.0 = Release|Any CPU
		{AD0A3564-FED2-4B2A-ADC8-293F4DB85135}.Release|Any CPU.ActiveCfg = Release|Any CPU
		{AD0A3564-FED2-4B2A-ADC8-293F4DB85135}.Release|Any CPU.Build.0 = Release|Any CPU
		{AD0A3564-FED2-4B2A-ADC8-293F4DB85135}.Release|iOS.ActiveCfg = Release|Any CPU
		{AD0A3564-FED2-4B2A-ADC8-293F4DB85135}.Release|iOS.Build.0 = Release|Any CPU
		{AD0A3564-FED2-4B2A-ADC8-293F4DB85135}.Release|NuGet.ActiveCfg = Release|Any CPU
		{AD0A3564-FED2-4B2A-ADC8-293F4DB85135}.Release|NuGet.Build.0 = Release|Any CPU
		{AD0A3564-FED2-4B2A-ADC8-293F4DB85135}.Release|UAP.ActiveCfg = Release|Any CPU
		{AD0A3564-FED2-4B2A-ADC8-293F4DB85135}.Release|UAP.Build.0 = Release|Any CPU
	EndGlobalSection
	GlobalSection(SolutionProperties) = preSolution
		HideSolutionNode = FALSE
	EndGlobalSection
	GlobalSection(ExtensibilityGlobals) = postSolution
		SolutionGuid = {5BA7DD68-E008-4F53-8F51-83D42D3877B9}
	EndGlobalSection
EndGlobal
